
Microsoft Visual Studio Solution File, Format Version 12.00
# Visual Studio Version 16
VisualStudioVersion = 25.0.1706.2
MinimumVisualStudioVersion = 10.0.40219.1
Project("{FAE04EC0-301F-11D3-BF4B-00C04F79EFBC}") = "SoutheastRidesTests", "SoutheastRidesTests.csproj", "{629E4DA2-80CE-4995-925A-DE00591E29F7}"
EndProject
Global
	GlobalSection(SolutionConfigurationPlatforms) = preSolution
		Debug|Any CPU = Debug|Any CPU
		Release|Any CPU = Release|Any CPU
	EndGlobalSection
	GlobalSection(ProjectConfigurationPlatforms) = postSolution
		{629E4DA2-80CE-4995-925A-DE00591E29F7}.Debug|Any CPU.ActiveCfg = Debug|Any CPU
		{629E4DA2-80CE-4995-925A-DE00591E29F7}.Debug|Any CPU.Build.0 = Debug|Any CPU
		{629E4DA2-80CE-4995-925A-DE00591E29F7}.Release|Any CPU.ActiveCfg = Release|Any CPU
		{629E4DA2-80CE-4995-925A-DE00591E29F7}.Release|Any CPU.Build.0 = Release|Any CPU
	EndGlobalSection
	GlobalSection(SolutionProperties) = preSolution
		HideSolutionNode = FALSE
	EndGlobalSection
	GlobalSection(ExtensibilityGlobals) = postSolution
		SolutionGuid = {47BDAFAA-5D93-4FE5-B869-550519D37D5A}
	EndGlobalSection
EndGlobal
